
Microsoft Visual Studio Solution File, Format Version 12.00
# Visual Studio 15
VisualStudioVersion = 15.0.26730.3
MinimumVisualStudioVersion = 10.0.40219.1
Project("{F2A71F9B-5D33-465A-A702-920D77279786}") = "FSpike.Tests", "FSpike.Tests\FSpike.Tests.fsproj", "{48622B69-B3AF-40BC-B02A-C15FED457A1C}"
EndProject
Project("{2150E333-8FDC-42A3-9474-1A3956D46DE8}") = "Solution Items", "Solution Items", "{5C49F604-B6CC-4121-B3D8-3E8E160EF51C}"
	ProjectSection(SolutionItems) = preProject
		appveyor.yml = appveyor.yml
		build.cake = build.cake
		build.ps1 = build.ps1
		cake.config = cake.config
		README.md = README.md
	EndProjectSection
EndProject
Global
	GlobalSection(SolutionConfigurationPlatforms) = preSolution
		Debug|Any CPU = Debug|Any CPU
		Release|Any CPU = Release|Any CPU
	EndGlobalSection
	GlobalSection(ProjectConfigurationPlatforms) = postSolution
		{48622B69-B3AF-40BC-B02A-C15FED457A1C}.Debug|Any CPU.ActiveCfg = Debug|Any CPU
		{48622B69-B3AF-40BC-B02A-C15FED457A1C}.Debug|Any CPU.Build.0 = Debug|Any CPU
		{48622B69-B3AF-40BC-B02A-C15FED457A1C}.Release|Any CPU.ActiveCfg = Release|Any CPU
		{48622B69-B3AF-40BC-B02A-C15FED457A1C}.Release|Any CPU.Build.0 = Release|Any CPU
	EndGlobalSection
	GlobalSection(SolutionProperties) = preSolution
		HideSolutionNode = FALSE
	EndGlobalSection
	GlobalSection(ExtensibilityGlobals) = postSolution
		SolutionGuid = {985D30D5-39E7-41ED-83ED-39A949AD1DBD}
	EndGlobalSection
EndGlobal
